PODS:
  - Alamofire (4.9.1)
  - AppGroup (1.0.0)
  - AsakusaSatellite (0.6.1):
    - Alamofire (~> 4.0)
    - Socket.IO-Client-Swift (~> 8.0)
    - SwiftyJSON (~> 3.1)
    - UTIKit (~> 2.0)
  - Crashlytics (3.14.0):
    - Fabric (~> 1.10.2)
  - Fabric (1.10.2)
  - FootlessParser (0.5.2)
  - HanekeSwift (0.10.1)
  - Nimble (8.0.4)
  - NorthLayout (5.2.0):
    - FootlessParser (~> 0.4)
  - Quick (2.2.0)
  - Socket.IO-Client-Swift (8.3.3)
  - SwiftyJSON (3.1.4)
  - TUSafariActivity (1.0.4)
  - UTIKit (2.0.2)
  - "※ikemen (0.6.0)"

DEPENDENCIES:
  - AppGroup (from `Pods/CocoaPodsAppGroup/AppGroup.podspec.json`)
  - AsakusaSatellite
  - Crashlytics
  - Fabric
  - HanekeSwift
  - Nimble
  - NorthLayout
  - Quick
  - TUSafariActivity (~> 1.0)
  - "※ikemen"

SPEC REPOS:
  trunk:
    - Alamofire
    - AsakusaSatellite
    - Crashlytics
    - Fabric
    - FootlessParser
    - HanekeSwift
    - Nimble
    - NorthLayout
    - Quick
    - Socket.IO-Client-Swift
    - SwiftyJSON
    - TUSafariActivity
    - UTIKit
    - "※ikemen"

EXTERNAL SOURCES:
  AppGroup:
    :podspec: Pods/CocoaPodsAppGroup/AppGroup.podspec.json

SPEC CHECKSUMS:
  Alamofire: 85e8a02c69d6020a0d734f6054870d7ecb75cf18
  AppGroup: ba0c3626371b5b0f23815f7ae68d14f1061df19f
  AsakusaSatellite: bceb9f3dec6d3e89b7618ac4be820f556acd228c
  Crashlytics: 540b7e5f5da5a042647227a5e3ac51d85eed06df
  Fabric: 706c8b8098fff96c33c0db69cbf81f9c551d0d74
  FootlessParser: 521916d592fa6cba06cfca6f4b5d4f5a2d49175a
  HanekeSwift: 08e47d3d0f2899ec58e5d257beba0de619aca9e8
  Nimble: 18d5360282923225d62b09d781f63abc1a0111fc
  NorthLayout: 308a58a8f7d96f316e6399ff6432f8769321bbdf
  Quick: 7fb19e13be07b5dfb3b90d4f9824c855a11af40e
  Socket.IO-Client-Swift: a2faffdbde89c63aebc5d631041530c1068b02b8
  SwiftyJSON: c2842d878f95482ffceec5709abc3d05680c0220
  TUSafariActivity: afc55a00965377939107ce4fdc7f951f62454546
  UTIKit: 38889c0e6e6a3c94e4cd8b41372d2ad791539ea4
  "※ikemen": da47fe6e0acfbe241611221f4d98ade266bf50a2

PODFILE CHECKSUM: 73d6819148c9a18c2a8096106063207722cf4a42

COCOAPODS: 1.8.4
