// !$*UTF8*$!
{
	archiveVersion = 1;
	classes = {
	};
	objectVersion = 46;
	objects = {

/* Begin PBXBuildFile section */
		1389E2E9665E54225E9737E0 /* Pods.framework in Frameworks */ = {isa = PBXBuildFile; fileRef = BA23D058DC67A17776C1F6FB /* Pods.framework */; settings = {ATTRIBUTES = (Weak, ); }; };
		15285D36457CA618B7A976E7 /* Pods.framework in Frameworks */ = {isa = PBXBuildFile; fileRef = BA23D058DC67A17776C1F6FB /* Pods.framework */; settings = {ATTRIBUTES = (Weak, ); }; };
		E6F36BA670598D1E4C3DD976 /* Pods_Specs.framework in Frameworks */ = {isa = PBXBuildFile; fileRef = 7E6CA75054C745F00E14AF2E /* Pods_Specs.framework */; settings = {ATTRIBUTES = (Weak, ); }; };
		EA00CA481ABEDE0100527848 /* iTunesArtwork in Resources */ = {isa = PBXBuildFile; fileRef = EA00CA471ABEDE0100527848 /* iTunesArtwork */; };
		EA01F3251AB7161400CF5691 /* AppDelegate.swift in Sources */ = {isa = PBXBuildFile; fileRef = EA01F3241AB7161400CF5691 /* AppDelegate.swift */; };
		EA01F32C1AB7161400CF5691 /* Images.xcassets in Resources */ = {isa = PBXBuildFile; fileRef = EA01F32B1AB7161400CF5691 /* Images.xcassets */; };
		EA01F32F1AB7161400CF5691 /* LaunchScreen.xib in Resources */ = {isa = PBXBuildFile; fileRef = EA01F32D1AB7161400CF5691 /* LaunchScreen.xib */; };
		EA01F3471AB7186400CF5691 /* WelcomeViewController.swift in Sources */ = {isa = PBXBuildFile; fileRef = EA01F3461AB7186400CF5691 /* WelcomeViewController.swift */; };
		EA01F3491AB7188200CF5691 /* Appearance.swift in Sources */ = {isa = PBXBuildFile; fileRef = EA01F3481AB7188200CF5691 /* Appearance.swift */; };
		EA01F34B1AB71E0100CF5691 /* Utilities.swift in Sources */ = {isa = PBXBuildFile; fileRef = EA01F34A1AB71E0100CF5691 /* Utilities.swift */; };
		EA0757131AC82F7500535BB5 /* ImageCollectionViewCell.swift in Sources */ = {isa = PBXBuildFile; fileRef = EA0757121AC82F7500535BB5 /* ImageCollectionViewCell.swift */; };
		EA0757151AC839E500535BB5 /* HeadUpImageViewController.swift in Sources */ = {isa = PBXBuildFile; fileRef = EA0757141AC839E500535BB5 /* HeadUpImageViewController.swift */; };
		EA11E9301ACA79FB00046CCB /* InlineMessageWebView.swift in Sources */ = {isa = PBXBuildFile; fileRef = EA11E92F1ACA79FB00046CCB /* InlineMessageWebView.swift */; };
		EA1FA4E21ABD580200BA1D68 /* RoomViewController.swift in Sources */ = {isa = PBXBuildFile; fileRef = EA1FA4E11ABD580200BA1D68 /* RoomViewController.swift */; };
		EA2615D71ABD60600011DB1B /* MessageView.swift in Sources */ = {isa = PBXBuildFile; fileRef = EA2615D61ABD60600011DB1B /* MessageView.swift */; };
		EA2615D91ABE4FE20011DB1B /* RefreshView.swift in Sources */ = {isa = PBXBuildFile; fileRef = EA2615D81ABE4FE20011DB1B /* RefreshView.swift */; };
		EA64C7791AB9AD6F00282113 /* HomeViewController.swift in Sources */ = {isa = PBXBuildFile; fileRef = EA64C7781AB9AD6F00282113 /* HomeViewController.swift */; };
		EA64C77B1AB9B29D00282113 /* UserDefaults.swift in Sources */ = {isa = PBXBuildFile; fileRef = EA64C77A1AB9B29D00282113 /* UserDefaults.swift */; };
		EA64C77D1AB9DA3A00282113 /* SatelliteImageView.swift in Sources */ = {isa = PBXBuildFile; fileRef = EA64C77C1AB9DA3A00282113 /* SatelliteImageView.swift */; };
		EA69FE901ABF0A8F00F5EF54 /* MessageDetailViewController.swift in Sources */ = {isa = PBXBuildFile; fileRef = EA69FE8F1ABF0A8F00F5EF54 /* MessageDetailViewController.swift */; };
		EA7C95C11ABEA37C00CD2641 /* PostView.swift in Sources */ = {isa = PBXBuildFile; fileRef = EA7C95C01ABEA37C00CD2641 /* PostView.swift */; };
		EAA3A1E21AD911DE00F6CD6B /* AsakusaSatellite.swift in Sources */ = {isa = PBXBuildFile; fileRef = EAA3A1E11AD911DE00F6CD6B /* AsakusaSatellite.swift */; };
		EAA3A1E41AD9144A00F6CD6B /* AsakusaSatelliteSpec.swift in Sources */ = {isa = PBXBuildFile; fileRef = EAA3A1E31AD9144A00F6CD6B /* AsakusaSatelliteSpec.swift */; };
		EAA3A1E51AD9166800F6CD6B /* AsakusaSatellite.swift in Sources */ = {isa = PBXBuildFile; fileRef = EAA3A1E11AD911DE00F6CD6B /* AsakusaSatellite.swift */; };
		EAA3A1E61AD91B9100F6CD6B /* Appearance.swift in Sources */ = {isa = PBXBuildFile; fileRef = EA01F3481AB7188200CF5691 /* Appearance.swift */; };
		EAA3A1E71AD91BAE00F6CD6B /* Utilities.swift in Sources */ = {isa = PBXBuildFile; fileRef = EA01F34A1AB71E0100CF5691 /* Utilities.swift */; };
		EAAE26391B258C91004FAEB7 /* Localizable.strings in Resources */ = {isa = PBXBuildFile; fileRef = EAAE26371B258C91004FAEB7 /* Localizable.strings */; };
		EAAE263A1B258C91004FAEB7 /* Localizable.strings in Resources */ = {isa = PBXBuildFile; fileRef = EAAE26371B258C91004FAEB7 /* Localizable.strings */; };
		EAAE263B1B258C91004FAEB7 /* Localizable.strings in Resources */ = {isa = PBXBuildFile; fileRef = EAAE26371B258C91004FAEB7 /* Localizable.strings */; };
		EAB4CD0B1AECC51800D2C816 /* InterfaceController.swift in Sources */ = {isa = PBXBuildFile; fileRef = EAB4CD0A1AECC51800D2C816 /* InterfaceController.swift */; };
		EAB4CD0D1AECC51800D2C816 /* NotificationController.swift in Sources */ = {isa = PBXBuildFile; fileRef = EAB4CD0C1AECC51800D2C816 /* NotificationController.swift */; };
		EAB4CD0F1AECC51800D2C816 /* GlanceController.swift in Sources */ = {isa = PBXBuildFile; fileRef = EAB4CD0E1AECC51800D2C816 /* GlanceController.swift */; };
		EAB4CD111AECC51800D2C816 /* Images.xcassets in Resources */ = {isa = PBXBuildFile; fileRef = EAB4CD101AECC51800D2C816 /* Images.xcassets */; };
		EAB4CD151AECC51800D2C816 /* AsakusaSatellite WatchKit App.app in Resources */ = {isa = PBXBuildFile; fileRef = EAB4CD141AECC51800D2C816 /* AsakusaSatellite WatchKit App.app */; };
		EAB4CD1D1AECC51800D2C816 /* Interface.storyboard in Resources */ = {isa = PBXBuildFile; fileRef = EAB4CD1B1AECC51800D2C816 /* Interface.storyboard */; };
		EAB4CD1F1AECC51800D2C816 /* Images.xcassets in Resources */ = {isa = PBXBuildFile; fileRef = EAB4CD1E1AECC51800D2C816 /* Images.xcassets */; };
		EAB4CD221AECC51800D2C816 /* AsakusaSatellite WatchKit Extension.appex in Embed App Extensions */ = {isa = PBXBuildFile; fileRef = EAB4CD051AECC51800D2C816 /* AsakusaSatellite WatchKit Extension.appex */; settings = {ATTRIBUTES = (RemoveHeadersOnCopy, ); }; };
		EACA7D9B1AEDA5D30073D1A5 /* Utilities.swift in Sources */ = {isa = PBXBuildFile; fileRef = EA01F34A1AB71E0100CF5691 /* Utilities.swift */; };
/* End PBXBuildFile section */

/* Begin PBXContainerItemProxy section */
		EA01F3351AB7161400CF5691 /* PBXContainerItemProxy */ = {
			isa = PBXContainerItemProxy;
			containerPortal = EA01F3171AB7161400CF5691 /* Project object */;
			proxyType = 1;
			remoteGlobalIDString = EA01F31E1AB7161400CF5691;
			remoteInfo = AsakusaSatellite;
		};
		EAB4CD161AECC51800D2C816 /* PBXContainerItemProxy */ = {
			isa = PBXContainerItemProxy;
			containerPortal = EA01F3171AB7161400CF5691 /* Project object */;
			proxyType = 1;
			remoteGlobalIDString = EAB4CD131AECC51800D2C816;
			remoteInfo = "AsakusaSatellite WatchKit App";
		};
		EAB4CD201AECC51800D2C816 /* PBXContainerItemProxy */ = {
			isa = PBXContainerItemProxy;
			containerPortal = EA01F3171AB7161400CF5691 /* Project object */;
			proxyType = 1;
			remoteGlobalIDString = EAB4CD041AECC51800D2C816;
			remoteInfo = "AsakusaSatellite WatchKit Extension";
		};
/* End PBXContainerItemProxy section */

/* Begin PBXCopyFilesBuildPhase section */
		EA593B801AED3748001CBCB5 /* Embed Frameworks */ = {
			isa = PBXCopyFilesBuildPhase;
			buildActionMask = 2147483647;
			dstPath = "";
			dstSubfolderSpec = 10;
			files = (
			);
			name = "Embed Frameworks";
			runOnlyForDeploymentPostprocessing = 0;
		};
		EAB4CD291AECC51800D2C816 /* Embed App Extensions */ = {
			isa = PBXCopyFilesBuildPhase;
			buildActionMask = 2147483647;
			dstPath = "";
			dstSubfolderSpec = 13;
			files = (
				EAB4CD221AECC51800D2C816 /* AsakusaSatellite WatchKit Extension.appex in Embed App Extensions */,
			);
			name = "Embed App Extensions";
			runOnlyForDeploymentPostprocessing = 0;
		};
/* End PBXCopyFilesBuildPhase section */

/* Begin PBXFileReference section */
		08960A29823B420EAB67D7AE /* Pods-Specs.debug.xcconfig */ = {isa = PBXFileReference; includeInIndex = 1; lastKnownFileType = text.xcconfig; name = "Pods-Specs.debug.xcconfig"; path = "Pods/Target Support Files/Pods-Specs/Pods-Specs.debug.xcconfig"; sourceTree = "<group>"; };
		1D13CD1DDD21D276C35B3935 /* Pods_Common.framework */ = {isa = PBXFileReference; explicitFileType = wrapper.framework; includeInIndex = 0; path = Pods_Common.framework; sourceTree = BUILT_PRODUCTS_DIR; };
		2440A198DAFA9B01CC508D58 /* Pods.debug.xcconfig */ = {isa = PBXFileReference; includeInIndex = 1; lastKnownFileType = text.xcconfig; name = Pods.debug.xcconfig; path = "Pods/Target Support Files/Pods/Pods.debug.xcconfig"; sourceTree = "<group>"; };
		2F18BE776796048F4FBE2C57 /* Pods.release.xcconfig */ = {isa = PBXFileReference; includeInIndex = 1; lastKnownFileType = text.xcconfig; name = Pods.release.xcconfig; path = "Pods/Target Support Files/Pods/Pods.release.xcconfig"; sourceTree = "<group>"; };
		7E6CA75054C745F00E14AF2E /* Pods_Specs.framework */ = {isa = PBXFileReference; explicitFileType = wrapper.framework; includeInIndex = 0; path = Pods_Specs.framework; sourceTree = BUILT_PRODUCTS_DIR; };
		A1503A2E1063CCF6D79A378B /* Pods-Specs.release.xcconfig */ = {isa = PBXFileReference; includeInIndex = 1; lastKnownFileType = text.xcconfig; name = "Pods-Specs.release.xcconfig"; path = "Pods/Target Support Files/Pods-Specs/Pods-Specs.release.xcconfig"; sourceTree = "<group>"; };
		BA23D058DC67A17776C1F6FB /* Pods.framework */ = {isa = PBXFileReference; explicitFileType = wrapper.framework; includeInIndex = 0; path = Pods.framework; sourceTree = BUILT_PRODUCTS_DIR; };
		E173414C0868E080A15AFA2B /* Pods_AsakusaSatellite_WatchKit_Extension.framework */ = {isa = PBXFileReference; explicitFileType = wrapper.framework; includeInIndex = 0; path = Pods_AsakusaSatellite_WatchKit_Extension.framework; sourceTree = BUILT_PRODUCTS_DIR; };
		EA00CA471ABEDE0100527848 /* iTunesArtwork */ = {isa = PBXFileReference; lastKnownFileType = file; path = iTunesArtwork; sourceTree = "<group>"; };
		EA01F31F1AB7161400CF5691 /* AsakusaSatellite.app */ = {isa = PBXFileReference; explicitFileType = wrapper.application; includeInIndex = 0; path = AsakusaSatellite.app; sourceTree = BUILT_PRODUCTS_DIR; };
		EA01F3231AB7161400CF5691 /* Info.plist */ = {isa = PBXFileReference; lastKnownFileType = text.plist.xml; path = Info.plist; sourceTree = "<group>"; };
		EA01F3241AB7161400CF5691 /* AppDelegate.swift */ = {isa = PBXFileReference; lastKnownFileType = sourcecode.swift; path = AppDelegate.swift; sourceTree = "<group>"; };
		EA01F32B1AB7161400CF5691 /* Images.xcassets */ = {isa = PBXFileReference; lastKnownFileType = folder.assetcatalog; path = Images.xcassets; sourceTree = "<group>"; };
		EA01F32E1AB7161400CF5691 /* Base */ = {isa = PBXFileReference; lastKnownFileType = file.xib; name = Base; path = Base.lproj/LaunchScreen.xib; sourceTree = "<group>"; };
		EA01F3341AB7161400CF5691 /* AsakusaSatelliteTests.xctest */ = {isa = PBXFileReference; explicitFileType = wrapper.cfbundle; includeInIndex = 0; path = AsakusaSatelliteTests.xctest; sourceTree = BUILT_PRODUCTS_DIR; };
		EA01F3391AB7161400CF5691 /* Info.plist */ = {isa = PBXFileReference; lastKnownFileType = text.plist.xml; path = Info.plist; sourceTree = "<group>"; };
		EA01F3461AB7186400CF5691 /* WelcomeViewController.swift */ = {isa = PBXFileReference; fileEncoding = 4; lastKnownFileType = sourcecode.swift; path = WelcomeViewController.swift; sourceTree = "<group>"; };
		EA01F3481AB7188200CF5691 /* Appearance.swift */ = {isa = PBXFileReference; fileEncoding = 4; lastKnownFileType = sourcecode.swift; path = Appearance.swift; sourceTree = "<group>"; };
		EA01F34A1AB71E0100CF5691 /* Utilities.swift */ = {isa = PBXFileReference; fileEncoding = 4; lastKnownFileType = sourcecode.swift; path = Utilities.swift; sourceTree = "<group>"; };
		EA0757121AC82F7500535BB5 /* ImageCollectionViewCell.swift */ = {isa = PBXFileReference; fileEncoding = 4; lastKnownFileType = sourcecode.swift; path = ImageCollectionViewCell.swift; sourceTree = "<group>"; };
		EA0757141AC839E500535BB5 /* HeadUpImageViewController.swift */ = {isa = PBXFileReference; fileEncoding = 4; lastKnownFileType = sourcecode.swift; path = HeadUpImageViewController.swift; sourceTree = "<group>"; };
		EA11E92F1ACA79FB00046CCB /* InlineMessageWebView.swift */ = {isa = PBXFileReference; fileEncoding = 4; lastKnownFileType = sourcecode.swift; path = InlineMessageWebView.swift; sourceTree = "<group>"; };
		EA1FA4DE1ABD3FCB00BA1D68 /* AsakusaSatellite.playground */ = {isa = PBXFileReference; lastKnownFileType = file.playground; path = AsakusaSatellite.playground; sourceTree = SOURCE_ROOT; };
		EA1FA4E11ABD580200BA1D68 /* RoomViewController.swift */ = {isa = PBXFileReference; fileEncoding = 4; lastKnownFileType = sourcecode.swift; path = RoomViewController.swift; sourceTree = "<group>"; };
		EA2615D61ABD60600011DB1B /* MessageView.swift */ = {isa = PBXFileReference; fileEncoding = 4; lastKnownFileType = sourcecode.swift; path = MessageView.swift; sourceTree = "<group>"; };
		EA2615D81ABE4FE20011DB1B /* RefreshView.swift */ = {isa = PBXFileReference; fileEncoding = 4; lastKnownFileType = sourcecode.swift; path = RefreshView.swift; sourceTree = "<group>"; };
		EA64C7781AB9AD6F00282113 /* HomeViewController.swift */ = {isa = PBXFileReference; fileEncoding = 4; lastKnownFileType = sourcecode.swift; path = HomeViewController.swift; sourceTree = "<group>"; };
		EA64C77A1AB9B29D00282113 /* UserDefaults.swift */ = {isa = PBXFileReference; fileEncoding = 4; lastKnownFileType = sourcecode.swift; path = UserDefaults.swift; sourceTree = "<group>"; };
		EA64C77C1AB9DA3A00282113 /* SatelliteImageView.swift */ = {isa = PBXFileReference; fileEncoding = 4; lastKnownFileType = sourcecode.swift; path = SatelliteImageView.swift; sourceTree = "<group>"; };
		EA69FE8F1ABF0A8F00F5EF54 /* MessageDetailViewController.swift */ = {isa = PBXFileReference; fileEncoding = 4; lastKnownFileType = sourcecode.swift; path = MessageDetailViewController.swift; sourceTree = "<group>"; };
		EA7C95C01ABEA37C00CD2641 /* PostView.swift */ = {isa = PBXFileReference; fileEncoding = 4; lastKnownFileType = sourcecode.swift; path = PostView.swift; sourceTree = "<group>"; };
		EAA3A1E11AD911DE00F6CD6B /* AsakusaSatellite.swift */ = {isa = PBXFileReference; fileEncoding = 4; lastKnownFileType = sourcecode.swift; path = AsakusaSatellite.swift; sourceTree = "<group>"; };
		EAA3A1E31AD9144A00F6CD6B /* AsakusaSatelliteSpec.swift */ = {isa = PBXFileReference; fileEncoding = 4; lastKnownFileType = sourcecode.swift; name = AsakusaSatelliteSpec.swift; path = AsakusaSatelliteTests/AsakusaSatelliteSpec.swift; sourceTree = SOURCE_ROOT; };
		EAAE26381B258C91004FAEB7 /* Base */ = {isa = PBXFileReference; lastKnownFileType = text.plist.strings; name = Base; path = Base.lproj/Localizable.strings; sourceTree = "<group>"; };
		EAAE263C1B258CA5004FAEB7 /* ja */ = {isa = PBXFileReference; lastKnownFileType = text.plist.strings; name = ja; path = ja.lproj/Localizable.strings; sourceTree = "<group>"; };
		EAB4CD051AECC51800D2C816 /* AsakusaSatellite WatchKit Extension.appex */ = {isa = PBXFileReference; explicitFileType = "wrapper.app-extension"; includeInIndex = 0; path = "AsakusaSatellite WatchKit Extension.appex"; sourceTree = BUILT_PRODUCTS_DIR; };
		EAB4CD081AECC51800D2C816 /* Info.plist */ = {isa = PBXFileReference; lastKnownFileType = text.plist.xml; path = Info.plist; sourceTree = "<group>"; };
		EAB4CD091AECC51800D2C816 /* PushNotificationPayload.apns */ = {isa = PBXFileReference; lastKnownFileType = text; path = PushNotificationPayload.apns; sourceTree = "<group>"; };
		EAB4CD0A1AECC51800D2C816 /* InterfaceController.swift */ = {isa = PBXFileReference; lastKnownFileType = sourcecode.swift; path = InterfaceController.swift; sourceTree = "<group>"; };
		EAB4CD0C1AECC51800D2C816 /* NotificationController.swift */ = {isa = PBXFileReference; lastKnownFileType = sourcecode.swift; path = NotificationController.swift; sourceTree = "<group>"; };
		EAB4CD0E1AECC51800D2C816 /* GlanceController.swift */ = {isa = PBXFileReference; lastKnownFileType = sourcecode.swift; path = GlanceController.swift; sourceTree = "<group>"; };
		EAB4CD101AECC51800D2C816 /* Images.xcassets */ = {isa = PBXFileReference; lastKnownFileType = folder.assetcatalog; path = Images.xcassets; sourceTree = "<group>"; };
		EAB4CD141AECC51800D2C816 /* AsakusaSatellite WatchKit App.app */ = {isa = PBXFileReference; explicitFileType = wrapper.application; includeInIndex = 0; path = "AsakusaSatellite WatchKit App.app"; sourceTree = BUILT_PRODUCTS_DIR; };
		EAB4CD1A1AECC51800D2C816 /* Info.plist */ = {isa = PBXFileReference; lastKnownFileType = text.plist.xml; path = Info.plist; sourceTree = "<group>"; };
		EAB4CD1C1AECC51800D2C816 /* Base */ = {isa = PBXFileReference; lastKnownFileType = file.storyboard; name = Base; path = Base.lproj/Interface.storyboard; sourceTree = "<group>"; };
		EAB4CD1E1AECC51800D2C816 /* Images.xcassets */ = {isa = PBXFileReference; lastKnownFileType = folder.assetcatalog; path = Images.xcassets; sourceTree = "<group>"; };
		EACA7D9A1AED3BD50073D1A5 /* Common-Bridging-Header.h */ = {isa = PBXFileReference; lastKnownFileType = sourcecode.c.h; name = "Common-Bridging-Header.h"; path = "AsakusaSatellite/Common-Bridging-Header.h"; sourceTree = "<group>"; };
		EAEAA83A1AECF3D20096D410 /* AsakusaSatellite.entitlements */ = {isa = PBXFileReference; lastKnownFileType = text.xml; path = AsakusaSatellite.entitlements; sourceTree = "<group>"; };
		EAEAA83B1AECF3F00096D410 /* AsakusaSatellite WatchKit Extension.entitlements */ = {isa = PBXFileReference; lastKnownFileType = text.xml; path = "AsakusaSatellite WatchKit Extension.entitlements"; sourceTree = "<group>"; };
		FC5427DC266B203D19ED9166 /* Pods_WatchKit.framework */ = {isa = PBXFileReference; explicitFileType = wrapper.framework; includeInIndex = 0; path = Pods_WatchKit.framework; sourceTree = BUILT_PRODUCTS_DIR; };
/* End PBXFileReference section */

/* Begin PBXFrameworksBuildPhase section */
		EA01F31C1AB7161400CF5691 /* Frameworks */ = {
			isa = PBXFrameworksBuildPhase;
			buildActionMask = 2147483647;
			files = (
				15285D36457CA618B7A976E7 /* Pods.framework in Frameworks */,
			);
			runOnlyForDeploymentPostprocessing = 0;
		};
		EA01F3311AB7161400CF5691 /* Frameworks */ = {
			isa = PBXFrameworksBuildPhase;
			buildActionMask = 2147483647;
			files = (
				1389E2E9665E54225E9737E0 /* Pods.framework in Frameworks */,
				E6F36BA670598D1E4C3DD976 /* Pods_Specs.framework in Frameworks */,
			);
			runOnlyForDeploymentPostprocessing = 0;
		};
		EAB4CD021AECC51800D2C816 /* Frameworks */ = {
			isa = PBXFrameworksBuildPhase;
			buildActionMask = 2147483647;
			files = (
			);
			runOnlyForDeploymentPostprocessing = 0;
		};
/* End PBXFrameworksBuildPhase section */

/* Begin PBXGroup section */
		1DF2023A3EECC4163662F513 /* Pods */ = {
			isa = PBXGroup;
			children = (
				2440A198DAFA9B01CC508D58 /* Pods.debug.xcconfig */,
				2F18BE776796048F4FBE2C57 /* Pods.release.xcconfig */,
				08960A29823B420EAB67D7AE /* Pods-Specs.debug.xcconfig */,
				A1503A2E1063CCF6D79A378B /* Pods-Specs.release.xcconfig */,
			);
			name = Pods;
			sourceTree = "<group>";
		};
		B99D720E667DAB177CDE44D7 /* Frameworks */ = {
			isa = PBXGroup;
			children = (
				BA23D058DC67A17776C1F6FB /* Pods.framework */,
				7E6CA75054C745F00E14AF2E /* Pods_Specs.framework */,
				E173414C0868E080A15AFA2B /* Pods_AsakusaSatellite_WatchKit_Extension.framework */,
				FC5427DC266B203D19ED9166 /* Pods_WatchKit.framework */,
				1D13CD1DDD21D276C35B3935 /* Pods_Common.framework */,
			);
			name = Frameworks;
			sourceTree = "<group>";
		};
		EA01F3161AB7161400CF5691 = {
			isa = PBXGroup;
			children = (
				EA1FA4DE1ABD3FCB00BA1D68 /* AsakusaSatellite.playground */,
				EACA7D9A1AED3BD50073D1A5 /* Common-Bridging-Header.h */,
				EA01F3211AB7161400CF5691 /* AsakusaSatellite */,
				EA01F3371AB7161400CF5691 /* AsakusaSatelliteTests */,
				EAB4CD061AECC51800D2C816 /* AsakusaSatellite WatchKit Extension */,
				EAB4CD181AECC51800D2C816 /* AsakusaSatellite WatchKit App */,
				EA01F3201AB7161400CF5691 /* Products */,
				1DF2023A3EECC4163662F513 /* Pods */,
				B99D720E667DAB177CDE44D7 /* Frameworks */,
			);
			sourceTree = "<group>";
		};
		EA01F3201AB7161400CF5691 /* Products */ = {
			isa = PBXGroup;
			children = (
				EA01F31F1AB7161400CF5691 /* AsakusaSatellite.app */,
				EA01F3341AB7161400CF5691 /* AsakusaSatelliteTests.xctest */,
				EAB4CD051AECC51800D2C816 /* AsakusaSatellite WatchKit Extension.appex */,
				EAB4CD141AECC51800D2C816 /* AsakusaSatellite WatchKit App.app */,
			);
			name = Products;
			sourceTree = "<group>";
		};
		EA01F3211AB7161400CF5691 /* AsakusaSatellite */ = {
			isa = PBXGroup;
			children = (
				EAEAA83A1AECF3D20096D410 /* AsakusaSatellite.entitlements */,
				EA01F3241AB7161400CF5691 /* AppDelegate.swift */,
				EA01F3481AB7188200CF5691 /* Appearance.swift */,
				EA64C77A1AB9B29D00282113 /* UserDefaults.swift */,
				EA01F34A1AB71E0100CF5691 /* Utilities.swift */,
				EAA3A1E11AD911DE00F6CD6B /* AsakusaSatellite.swift */,
				EAA3A1E31AD9144A00F6CD6B /* AsakusaSatelliteSpec.swift */,
				EA1FA4DF1ABD565C00BA1D68 /* ViewControllers */,
				EA1FA4E01ABD567200BA1D68 /* Views */,
				EA01F32B1AB7161400CF5691 /* Images.xcassets */,
				EA01F32D1AB7161400CF5691 /* LaunchScreen.xib */,
				EAAE26371B258C91004FAEB7 /* Localizable.strings */,
				EA01F3221AB7161400CF5691 /* Supporting Files */,
			);
			path = AsakusaSatellite;
			sourceTree = "<group>";
		};
		EA01F3221AB7161400CF5691 /* Supporting Files */ = {
			isa = PBXGroup;
			children = (
				EA01F3231AB7161400CF5691 /* Info.plist */,
				EA00CA471ABEDE0100527848 /* iTunesArtwork */,
			);
			name = "Supporting Files";
			sourceTree = "<group>";
		};
		EA01F3371AB7161400CF5691 /* AsakusaSatelliteTests */ = {
			isa = PBXGroup;
			children = (
				EA01F3381AB7161400CF5691 /* Supporting Files */,
			);
			path = AsakusaSatelliteTests;
			sourceTree = "<group>";
		};
		EA01F3381AB7161400CF5691 /* Supporting Files */ = {
			isa = PBXGroup;
			children = (
				EA01F3391AB7161400CF5691 /* Info.plist */,
			);
			name = "Supporting Files";
			sourceTree = "<group>";
		};
		EA1FA4DF1ABD565C00BA1D68 /* ViewControllers */ = {
			isa = PBXGroup;
			children = (
				EA01F3461AB7186400CF5691 /* WelcomeViewController.swift */,
				EA64C7781AB9AD6F00282113 /* HomeViewController.swift */,
				EA1FA4E11ABD580200BA1D68 /* RoomViewController.swift */,
				EA69FE8F1ABF0A8F00F5EF54 /* MessageDetailViewController.swift */,
				EA0757141AC839E500535BB5 /* HeadUpImageViewController.swift */,
			);
			name = ViewControllers;
			sourceTree = "<group>";
		};
		EA1FA4E01ABD567200BA1D68 /* Views */ = {
			isa = PBXGroup;
			children = (
				EA64C77C1AB9DA3A00282113 /* SatelliteImageView.swift */,
				EA2615D61ABD60600011DB1B /* MessageView.swift */,
				EA11E92F1ACA79FB00046CCB /* InlineMessageWebView.swift */,
				EA0757121AC82F7500535BB5 /* ImageCollectionViewCell.swift */,
				EA7C95C01ABEA37C00CD2641 /* PostView.swift */,
				EA2615D81ABE4FE20011DB1B /* RefreshView.swift */,
			);
			name = Views;
			sourceTree = "<group>";
		};
		EAB4CD061AECC51800D2C816 /* AsakusaSatellite WatchKit Extension */ = {
			isa = PBXGroup;
			children = (
				EAEAA83B1AECF3F00096D410 /* AsakusaSatellite WatchKit Extension.entitlements */,
				EAB4CD0A1AECC51800D2C816 /* InterfaceController.swift */,
				EAB4CD0C1AECC51800D2C816 /* NotificationController.swift */,
				EAB4CD0E1AECC51800D2C816 /* GlanceController.swift */,
				EAB4CD101AECC51800D2C816 /* Images.xcassets */,
				EAB4CD071AECC51800D2C816 /* Supporting Files */,
			);
			path = "AsakusaSatellite WatchKit Extension";
			sourceTree = "<group>";
		};
		EAB4CD071AECC51800D2C816 /* Supporting Files */ = {
			isa = PBXGroup;
			children = (
				EAB4CD081AECC51800D2C816 /* Info.plist */,
				EAB4CD091AECC51800D2C816 /* PushNotificationPayload.apns */,
			);
			name = "Supporting Files";
			sourceTree = "<group>";
		};
		EAB4CD181AECC51800D2C816 /* AsakusaSatellite WatchKit App */ = {
			isa = PBXGroup;
			children = (
				EAB4CD1B1AECC51800D2C816 /* Interface.storyboard */,
				EAB4CD1E1AECC51800D2C816 /* Images.xcassets */,
				EAB4CD191AECC51800D2C816 /* Supporting Files */,
			);
			path = "AsakusaSatellite WatchKit App";
			sourceTree = "<group>";
		};
		EAB4CD191AECC51800D2C816 /* Supporting Files */ = {
			isa = PBXGroup;
			children = (
				EAB4CD1A1AECC51800D2C816 /* Info.plist */,
			);
			name = "Supporting Files";
			sourceTree = "<group>";
		};
/* End PBXGroup section */

/* Begin PBXNativeTarget section */
		EA01F31E1AB7161400CF5691 /* AsakusaSatellite */ = {
			isa = PBXNativeTarget;
			buildConfigurationList = EA01F33E1AB7161400CF5691 /* Build configuration list for PBXNativeTarget "AsakusaSatellite" */;
			buildPhases = (
				A844BDEB37B05A32CEC61973 /* Check Pods Manifest.lock */,
				EA01F31B1AB7161400CF5691 /* Sources */,
				EA01F31C1AB7161400CF5691 /* Frameworks */,
				EA01F31D1AB7161400CF5691 /* Resources */,
				8A5DCB0E0601C1EFAA06FF5C /* Embed Pods Frameworks */,
				8E468DDD61929F7AE48B059F /* Copy Pods Resources */,
				EAB4CD291AECC51800D2C816 /* Embed App Extensions */,
				EA593B801AED3748001CBCB5 /* Embed Frameworks */,
			);
			buildRules = (
			);
			dependencies = (
				EAB4CD211AECC51800D2C816 /* PBXTargetDependency */,
			);
			name = AsakusaSatellite;
			productName = AsakusaSatellite;
			productReference = EA01F31F1AB7161400CF5691 /* AsakusaSatellite.app */;
			productType = "com.apple.product-type.application";
		};
		EA01F3331AB7161400CF5691 /* AsakusaSatelliteTests */ = {
			isa = PBXNativeTarget;
			buildConfigurationList = EA01F3411AB7161400CF5691 /* Build configuration list for PBXNativeTarget "AsakusaSatelliteTests" */;
			buildPhases = (
				21A9F7977FB7738E040511BE /* Check Pods Manifest.lock */,
				EA01F3301AB7161400CF5691 /* Sources */,
				EA01F3311AB7161400CF5691 /* Frameworks */,
				EA01F3321AB7161400CF5691 /* Resources */,
				1B7919C11EBFADB7C0939C32 /* Embed Pods Frameworks */,
				E7CB493616DE202FA8E660CF /* Copy Pods Resources */,
			);
			buildRules = (
			);
			dependencies = (
				EA01F3361AB7161400CF5691 /* PBXTargetDependency */,
			);
			name = AsakusaSatelliteTests;
			productName = AsakusaSatelliteTests;
			productReference = EA01F3341AB7161400CF5691 /* AsakusaSatelliteTests.xctest */;
			productType = "com.apple.product-type.bundle.unit-test";
		};
		EAB4CD041AECC51800D2C816 /* AsakusaSatellite WatchKit Extension */ = {
			isa = PBXNativeTarget;
			buildConfigurationList = EAB4CD281AECC51800D2C816 /* Build configuration list for PBXNativeTarget "AsakusaSatellite WatchKit Extension" */;
			buildPhases = (
				EAB4CD011AECC51800D2C816 /* Sources */,
				EAB4CD021AECC51800D2C816 /* Frameworks */,
				EAB4CD031AECC51800D2C816 /* Resources */,
			);
			buildRules = (
			);
			dependencies = (
				EAB4CD171AECC51800D2C816 /* PBXTargetDependency */,
			);
			name = "AsakusaSatellite WatchKit Extension";
			productName = "AsakusaSatellite WatchKit Extension";
			productReference = EAB4CD051AECC51800D2C816 /* AsakusaSatellite WatchKit Extension.appex */;
			productType = "com.apple.product-type.watchkit-extension";
		};
		EAB4CD131AECC51800D2C816 /* AsakusaSatellite WatchKit App */ = {
			isa = PBXNativeTarget;
			buildConfigurationList = EAB4CD271AECC51800D2C816 /* Build configuration list for PBXNativeTarget "AsakusaSatellite WatchKit App" */;
			buildPhases = (
				EAB4CD121AECC51800D2C816 /* Resources */,
			);
			buildRules = (
			);
			dependencies = (
			);
			name = "AsakusaSatellite WatchKit App";
			productName = "AsakusaSatellite WatchKit App";
			productReference = EAB4CD141AECC51800D2C816 /* AsakusaSatellite WatchKit App.app */;
			productType = "com.apple.product-type.application.watchapp";
		};
/* End PBXNativeTarget section */

/* Begin PBXProject section */
		EA01F3171AB7161400CF5691 /* Project object */ = {
			isa = PBXProject;
			attributes = {
				LastSwiftUpdateCheck = 0700;
				LastUpgradeCheck = 0620;
				ORGANIZATIONNAME = codefirst;
				TargetAttributes = {
					EA01F31E1AB7161400CF5691 = {
						CreatedOnToolsVersion = 6.2;
						DevelopmentTeam = FPZK4WRGW7;
						SystemCapabilities = {
							com.apple.ApplicationGroups.iOS = {
								enabled = 1;
							};
						};
					};
					EA01F3331AB7161400CF5691 = {
						CreatedOnToolsVersion = 6.2;
						TestTargetID = EA01F31E1AB7161400CF5691;
					};
					EAB4CD041AECC51800D2C816 = {
						CreatedOnToolsVersion = 6.3.1;
						DevelopmentTeam = FPZK4WRGW7;
						SystemCapabilities = {
							com.apple.ApplicationGroups.iOS = {
								enabled = 1;
							};
						};
					};
					EAB4CD131AECC51800D2C816 = {
						CreatedOnToolsVersion = 6.3.1;
						DevelopmentTeam = FPZK4WRGW7;
					};
				};
			};
			buildConfigurationList = EA01F31A1AB7161400CF5691 /* Build configuration list for PBXProject "AsakusaSatellite" */;
			compatibilityVersion = "Xcode 3.2";
			developmentRegion = English;
			hasScannedForEncodings = 0;
			knownRegions = (
				en,
				Base,
				ja,
			);
			mainGroup = EA01F3161AB7161400CF5691;
			productRefGroup = EA01F3201AB7161400CF5691 /* Products */;
			projectDirPath = "";
			projectRoot = "";
			targets = (
				EA01F31E1AB7161400CF5691 /* AsakusaSatellite */,
				EA01F3331AB7161400CF5691 /* AsakusaSatelliteTests */,
				EAB4CD041AECC51800D2C816 /* AsakusaSatellite WatchKit Extension */,
				EAB4CD131AECC51800D2C816 /* AsakusaSatellite WatchKit App */,
			);
		};
/* End PBXProject section */

/* Begin PBXResourcesBuildPhase section */
		EA01F31D1AB7161400CF5691 /* Resources */ = {
			isa = PBXResourcesBuildPhase;
			buildActionMask = 2147483647;
			files = (
				EA01F32F1AB7161400CF5691 /* LaunchScreen.xib in Resources */,
				EAAE26391B258C91004FAEB7 /* Localizable.strings in Resources */,
				EA00CA481ABEDE0100527848 /* iTunesArtwork in Resources */,
				EA01F32C1AB7161400CF5691 /* Images.xcassets in Resources */,
			);
			runOnlyForDeploymentPostprocessing = 0;
		};
		EA01F3321AB7161400CF5691 /* Resources */ = {
			isa = PBXResourcesBuildPhase;
			buildActionMask = 2147483647;
			files = (
			);
			runOnlyForDeploymentPostprocessing = 0;
		};
		EAB4CD031AECC51800D2C816 /* Resources */ = {
			isa = PBXResourcesBuildPhase;
			buildActionMask = 2147483647;
			files = (
				EAB4CD151AECC51800D2C816 /* AsakusaSatellite WatchKit App.app in Resources */,
				EAAE263A1B258C91004FAEB7 /* Localizable.strings in Resources */,
				EAB4CD111AECC51800D2C816 /* Images.xcassets in Resources */,
			);
			runOnlyForDeploymentPostprocessing = 0;
		};
		EAB4CD121AECC51800D2C816 /* Resources */ = {
			isa = PBXResourcesBuildPhase;
			buildActionMask = 2147483647;
			files = (
				EAB4CD1D1AECC51800D2C816 /* Interface.storyboard in Resources */,
				EAAE263B1B258C91004FAEB7 /* Localizable.strings in Resources */,
				EAB4CD1F1AECC51800D2C816 /* Images.xcassets in Resources */,
			);
			runOnlyForDeploymentPostprocessing = 0;
		};
/* End PBXResourcesBuildPhase section */

/* Begin PBXShellScriptBuildPhase section */
		1B7919C11EBFADB7C0939C32 /* Embed Pods Frameworks */ = {
			isa = PBXShellScriptBuildPhase;
			buildActionMask = 2147483647;
			files = (
			);
			inputPaths = (
			);
			name = "Embed Pods Frameworks";
			outputPaths = (
			);
			runOnlyForDeploymentPostprocessing = 0;
			shellPath = /bin/sh;
			shellScript = "\"${SRCROOT}/Pods/Target Support Files/Pods-Specs/Pods-Specs-frameworks.sh\"\n";
			showEnvVarsInLog = 0;
		};
		21A9F7977FB7738E040511BE /* Check Pods Manifest.lock */ = {
			isa = PBXShellScriptBuildPhase;
			buildActionMask = 2147483647;
			files = (
			);
			inputPaths = (
			);
			name = "Check Pods Manifest.lock";
			outputPaths = (
			);
			runOnlyForDeploymentPostprocessing = 0;
			shellPath = /bin/sh;
			shellScript = "diff \"${PODS_ROOT}/../Podfile.lock\" \"${PODS_ROOT}/Manifest.lock\" > /dev/null\nif [[ $? != 0 ]] ; then\n    cat << EOM\nerror: The sandbox is not in sync with the Podfile.lock. Run 'pod install' or update your CocoaPods installation.\nEOM\n    exit 1\nfi\n";
			showEnvVarsInLog = 0;
		};
		8A5DCB0E0601C1EFAA06FF5C /* Embed Pods Frameworks */ = {
			isa = PBXShellScriptBuildPhase;
			buildActionMask = 2147483647;
			files = (
			);
			inputPaths = (
			);
			name = "Embed Pods Frameworks";
			outputPaths = (
			);
			runOnlyForDeploymentPostprocessing = 0;
			shellPath = /bin/sh;
			shellScript = "\"${SRCROOT}/Pods/Target Support Files/Pods/Pods-frameworks.sh\"\n";
			showEnvVarsInLog = 0;
		};
		8E468DDD61929F7AE48B059F /* Copy Pods Resources */ = {
			isa = PBXShellScriptBuildPhase;
			buildActionMask = 2147483647;
			files = (
			);
			inputPaths = (
			);
			name = "Copy Pods Resources";
			outputPaths = (
			);
			runOnlyForDeploymentPostprocessing = 0;
			shellPath = /bin/sh;
			shellScript = "\"${SRCROOT}/Pods/Target Support Files/Pods/Pods-resources.sh\"\n";
			showEnvVarsInLog = 0;
		};
		A844BDEB37B05A32CEC61973 /* Check Pods Manifest.lock */ = {
			isa = PBXShellScriptBuildPhase;
			buildActionMask = 2147483647;
			files = (
			);
			inputPaths = (
			);
			name = "Check Pods Manifest.lock";
			outputPaths = (
			);
			runOnlyForDeploymentPostprocessing = 0;
			shellPath = /bin/sh;
			shellScript = "diff \"${PODS_ROOT}/../Podfile.lock\" \"${PODS_ROOT}/Manifest.lock\" > /dev/null\nif [[ $? != 0 ]] ; then\n    cat << EOM\nerror: The sandbox is not in sync with the Podfile.lock. Run 'pod install' or update your CocoaPods installation.\nEOM\n    exit 1\nfi\n";
			showEnvVarsInLog = 0;
		};
		E7CB493616DE202FA8E660CF /* Copy Pods Resources */ = {
			isa = PBXShellScriptBuildPhase;
			buildActionMask = 2147483647;
			files = (
			);
			inputPaths = (
			);
			name = "Copy Pods Resources";
			outputPaths = (
			);
			runOnlyForDeploymentPostprocessing = 0;
			shellPath = /bin/sh;
			shellScript = "\"${SRCROOT}/Pods/Target Support Files/Pods-Specs/Pods-Specs-resources.sh\"\n";
			showEnvVarsInLog = 0;
		};
/* End PBXShellScriptBuildPhase section */

/* Begin PBXSourcesBuildPhase section */
		EA01F31B1AB7161400CF5691 /* Sources */ = {
			isa = PBXSourcesBuildPhase;
			buildActionMask = 2147483647;
			files = (
				EA64C7791AB9AD6F00282113 /* HomeViewController.swift in Sources */,
				EAA3A1E21AD911DE00F6CD6B /* AsakusaSatellite.swift in Sources */,
				EA01F3251AB7161400CF5691 /* AppDelegate.swift in Sources */,
				EA11E9301ACA79FB00046CCB /* InlineMessageWebView.swift in Sources */,
				EA0757131AC82F7500535BB5 /* ImageCollectionViewCell.swift in Sources */,
				EA64C77B1AB9B29D00282113 /* UserDefaults.swift in Sources */,
				EA2615D71ABD60600011DB1B /* MessageView.swift in Sources */,
				EA01F3491AB7188200CF5691 /* Appearance.swift in Sources */,
				EA69FE901ABF0A8F00F5EF54 /* MessageDetailViewController.swift in Sources */,
				EA01F34B1AB71E0100CF5691 /* Utilities.swift in Sources */,
				EA2615D91ABE4FE20011DB1B /* RefreshView.swift in Sources */,
				EA64C77D1AB9DA3A00282113 /* SatelliteImageView.swift in Sources */,
				EA01F3471AB7186400CF5691 /* WelcomeViewController.swift in Sources */,
				EA0757151AC839E500535BB5 /* HeadUpImageViewController.swift in Sources */,
				EA1FA4E21ABD580200BA1D68 /* RoomViewController.swift in Sources */,
				EA7C95C11ABEA37C00CD2641 /* PostView.swift in Sources */,
			);
			runOnlyForDeploymentPostprocessing = 0;
		};
		EA01F3301AB7161400CF5691 /* Sources */ = {
			isa = PBXSourcesBuildPhase;
			buildActionMask = 2147483647;
			files = (
				EAA3A1E41AD9144A00F6CD6B /* AsakusaSatelliteSpec.swift in Sources */,
				EAA3A1E61AD91B9100F6CD6B /* Appearance.swift in Sources */,
				EAA3A1E71AD91BAE00F6CD6B /* Utilities.swift in Sources */,
				EAA3A1E51AD9166800F6CD6B /* AsakusaSatellite.swift in Sources */,
			);
			runOnlyForDeploymentPostprocessing = 0;
		};
		EAB4CD011AECC51800D2C816 /* Sources */ = {
			isa = PBXSourcesBuildPhase;
			buildActionMask = 2147483647;
			files = (
				EAB4CD0D1AECC51800D2C816 /* NotificationController.swift in Sources */,
				EAB4CD0B1AECC51800D2C816 /* InterfaceController.swift in Sources */,
				EACA7D9B1AEDA5D30073D1A5 /* Utilities.swift in Sources */,
				EAB4CD0F1AECC51800D2C816 /* GlanceController.swift in Sources */,
			);
			runOnlyForDeploymentPostprocessing = 0;
		};
/* End PBXSourcesBuildPhase section */

/* Begin PBXTargetDependency section */
		EA01F3361AB7161400CF5691 /* PBXTargetDependency */ = {
			isa = PBXTargetDependency;
			target = EA01F31E1AB7161400CF5691 /* AsakusaSatellite */;
			targetProxy = EA01F3351AB7161400CF5691 /* PBXContainerItemProxy */;
		};
		EAB4CD171AECC51800D2C816 /* PBXTargetDependency */ = {
			isa = PBXTargetDependency;
			target = EAB4CD131AECC51800D2C816 /* AsakusaSatellite WatchKit App */;
			targetProxy = EAB4CD161AECC51800D2C816 /* PBXContainerItemProxy */;
		};
		EAB4CD211AECC51800D2C816 /* PBXTargetDependency */ = {
			isa = PBXTargetDependency;
			target = EAB4CD041AECC51800D2C816 /* AsakusaSatellite WatchKit Extension */;
			targetProxy = EAB4CD201AECC51800D2C816 /* PBXContainerItemProxy */;
		};
/* End PBXTargetDependency section */

/* Begin PBXVariantGroup section */
		EA01F32D1AB7161400CF5691 /* LaunchScreen.xib */ = {
			isa = PBXVariantGroup;
			children = (
				EA01F32E1AB7161400CF5691 /* Base */,
			);
			name = LaunchScreen.xib;
			sourceTree = "<group>";
		};
		EAAE26371B258C91004FAEB7 /* Localizable.strings */ = {
			isa = PBXVariantGroup;
			children = (
				EAAE26381B258C91004FAEB7 /* Base */,
				EAAE263C1B258CA5004FAEB7 /* ja */,
			);
			name = Localizable.strings;
			sourceTree = "<group>";
		};
		EAB4CD1B1AECC51800D2C816 /* Interface.storyboard */ = {
			isa = PBXVariantGroup;
			children = (
				EAB4CD1C1AECC51800D2C816 /* Base */,
			);
			name = Interface.storyboard;
			sourceTree = "<group>";
		};
/* End PBXVariantGroup section */

/* Begin XCBuildConfiguration section */
		EA01F33C1AB7161400CF5691 /* Debug */ = {
			isa = XCBuildConfiguration;
			buildSettings = {
				ALWAYS_SEARCH_USER_PATHS = NO;
				CLANG_CXX_LANGUAGE_STANDARD = "gnu++0x";
				CLANG_CXX_LIBRARY = "libc++";
				CLANG_ENABLE_MODULES = YES;
				CLANG_ENABLE_OBJC_ARC = YES;
				CLANG_WARN_BOOL_CONVERSION = YES;
				CLANG_WARN_CONSTANT_CONVERSION = YES;
				CLANG_WARN_DIRECT_OBJC_ISA_USAGE = YES_ERROR;
				CLANG_WARN_EMPTY_BODY = YES;
				CLANG_WARN_ENUM_CONVERSION = YES;
				CLANG_WARN_INT_CONVERSION = YES;
				CLANG_WARN_OBJC_ROOT_CLASS = YES_ERROR;
				CLANG_WARN_UNREACHABLE_CODE = YES;
				CLANG_WARN__DUPLICATE_METHOD_MATCH = YES;
				"CODE_SIGN_IDENTITY[sdk=iphoneos*]" = "iPhone Developer";
				COPY_PHASE_STRIP = NO;
				ENABLE_STRICT_OBJC_MSGSEND = YES;
				ENABLE_TESTABILITY = YES;
				GCC_C_LANGUAGE_STANDARD = gnu99;
				GCC_DYNAMIC_NO_PIC = NO;
				GCC_OPTIMIZATION_LEVEL = 0;
				GCC_PREPROCESSOR_DEFINITIONS = (
					"DEBUG=1",
					"$(inherited)",
				);
				GCC_SYMBOLS_PRIVATE_EXTERN = NO;
				GCC_WARN_64_TO_32_BIT_CONVERSION = YES;
				GCC_WARN_ABOUT_RETURN_TYPE = YES_ERROR;
				GCC_WARN_UNDECLARED_SELECTOR = YES;
				GCC_WARN_UNINITIALIZED_AUTOS = YES_AGGRESSIVE;
				GCC_WARN_UNUSED_FUNCTION = YES;
				GCC_WARN_UNUSED_VARIABLE = YES;
				IPHONEOS_DEPLOYMENT_TARGET = 8.2;
				MTL_ENABLE_DEBUG_INFO = YES;
				ONLY_ACTIVE_ARCH = YES;
				PRODUCT_MODULE_NAME = "$(PRODUCT_NAME:c99extidentifier)App";
				SDKROOT = iphoneos;
				SWIFT_OPTIMIZATION_LEVEL = "-Onone";
				TARGETED_DEVICE_FAMILY = "1,2";
			};
			name = Debug;
		};
		EA01F33D1AB7161400CF5691 /* Release */ = {
			isa = XCBuildConfiguration;
			buildSettings = {
				ALWAYS_SEARCH_USER_PATHS = NO;
				CLANG_CXX_LANGUAGE_STANDARD = "gnu++0x";
				CLANG_CXX_LIBRARY = "libc++";
				CLANG_ENABLE_MODULES = YES;
				CLANG_ENABLE_OBJC_ARC = YES;
				CLANG_WARN_BOOL_CONVERSION = YES;
				CLANG_WARN_CONSTANT_CONVERSION = YES;
				CLANG_WARN_DIRECT_OBJC_ISA_USAGE = YES_ERROR;
				CLANG_WARN_EMPTY_BODY = YES;
				CLANG_WARN_ENUM_CONVERSION = YES;
				CLANG_WARN_INT_CONVERSION = YES;
				CLANG_WARN_OBJC_ROOT_CLASS = YES_ERROR;
				CLANG_WARN_UNREACHABLE_CODE = YES;
				CLANG_WARN__DUPLICATE_METHOD_MATCH = YES;
				"CODE_SIGN_IDENTITY[sdk=iphoneos*]" = "iPhone Distribution";
				COPY_PHASE_STRIP = NO;
				ENABLE_NS_ASSERTIONS = NO;
				ENABLE_STRICT_OBJC_MSGSEND = YES;
				GCC_C_LANGUAGE_STANDARD = gnu99;
				GCC_WARN_64_TO_32_BIT_CONVERSION = YES;
				GCC_WARN_ABOUT_RETURN_TYPE = YES_ERROR;
				GCC_WARN_UNDECLARED_SELECTOR = YES;
				GCC_WARN_UNINITIALIZED_AUTOS = YES_AGGRESSIVE;
				GCC_WARN_UNUSED_FUNCTION = YES;
				GCC_WARN_UNUSED_VARIABLE = YES;
				IPHONEOS_DEPLOYMENT_TARGET = 8.2;
				MTL_ENABLE_DEBUG_INFO = NO;
				PRODUCT_MODULE_NAME = "$(PRODUCT_NAME:c99extidentifier)App";
				SDKROOT = iphoneos;
				TARGETED_DEVICE_FAMILY = "1,2";
				VALIDATE_PRODUCT = YES;
			};
			name = Release;
		};
		EA01F33F1AB7161400CF5691 /* Debug */ = {
			isa = XCBuildConfiguration;
			baseConfigurationReference = 2440A198DAFA9B01CC508D58 /* Pods.debug.xcconfig */;
			buildSettings = {
				ASSETCATALOG_COMPILER_APPICON_NAME = AppIcon;
				CODE_SIGN_ENTITLEMENTS = AsakusaSatellite/AsakusaSatellite.entitlements;
				INFOPLIST_FILE = AsakusaSatellite/Info.plist;
				LD_RUNPATH_SEARCH_PATHS = "$(inherited) @executable_path/Frameworks";
				PRODUCT_BUNDLE_IDENTIFIER = org.codefirst.asakusasatellite;
				PRODUCT_NAME = "$(TARGET_NAME)";
				PROVISIONING_PROFILE = "";
				SWIFT_OBJC_BRIDGING_HEADER = "AsakusaSatellite/Common-Bridging-Header.h";
			};
			name = Debug;
		};
		EA01F3401AB7161400CF5691 /* Release */ = {
			isa = XCBuildConfiguration;
			baseConfigurationReference = 2F18BE776796048F4FBE2C57 /* Pods.release.xcconfig */;
			buildSettings = {
				ASSETCATALOG_COMPILER_APPICON_NAME = AppIcon;
				CODE_SIGN_ENTITLEMENTS = AsakusaSatellite/AsakusaSatellite.entitlements;
				INFOPLIST_FILE = AsakusaSatellite/Info.plist;
				LD_RUNPATH_SEARCH_PATHS = "$(inherited) @executable_path/Frameworks";
				PRODUCT_BUNDLE_IDENTIFIER = org.codefirst.asakusasatellite;
				PRODUCT_NAME = "$(TARGET_NAME)";
				PROVISIONING_PROFILE = "";
				SWIFT_OBJC_BRIDGING_HEADER = "AsakusaSatellite/Common-Bridging-Header.h";
			};
			name = Release;
		};
		EA01F3421AB7161400CF5691 /* Debug */ = {
			isa = XCBuildConfiguration;
			baseConfigurationReference = 08960A29823B420EAB67D7AE /* Pods-Specs.debug.xcconfig */;
			buildSettings = {
				BUNDLE_LOADER = "$(TEST_HOST)";
				CLANG_ENABLE_MODULES = YES;
				FRAMEWORK_SEARCH_PATHS = (
					"$(SDKROOT)/Developer/Library/Frameworks",
					"$(inherited)",
				);
				GCC_PREPROCESSOR_DEFINITIONS = (
					"DEBUG=1",
					"$(inherited)",
				);
				INFOPLIST_FILE = AsakusaSatelliteTests/Info.plist;
				LD_RUNPATH_SEARCH_PATHS = "$(inherited) @executable_path/Frameworks @loader_path/Frameworks";
				PRODUCT_BUNDLE_IDENTIFIER = "org.codefirst.$(PRODUCT_NAME:rfc1034identifier)";
				PRODUCT_NAME = "$(TARGET_NAME)";
				SWIFT_OPTIMIZATION_LEVEL = "-Onone";
				TEST_HOST = "$(BUILT_PRODUCTS_DIR)/AsakusaSatellite.app/AsakusaSatellite";
			};
			name = Debug;
		};
		EA01F3431AB7161400CF5691 /* Release */ = {
			isa = XCBuildConfiguration;
			baseConfigurationReference = A1503A2E1063CCF6D79A378B /* Pods-Specs.release.xcconfig */;
			buildSettings = {
				BUNDLE_LOADER = "$(TEST_HOST)";
				CLANG_ENABLE_MODULES = YES;
				FRAMEWORK_SEARCH_PATHS = (
					"$(SDKROOT)/Developer/Library/Frameworks",
					"$(inherited)",
				);
				INFOPLIST_FILE = AsakusaSatelliteTests/Info.plist;
				LD_RUNPATH_SEARCH_PATHS = "$(inherited) @executable_path/Frameworks @loader_path/Frameworks";
				PRODUCT_BUNDLE_IDENTIFIER = "org.codefirst.$(PRODUCT_NAME:rfc1034identifier)";
				PRODUCT_NAME = "$(TARGET_NAME)";
				TEST_HOST = "$(BUILT_PRODUCTS_DIR)/AsakusaSatellite.app/AsakusaSatellite";
			};
			name = Release;
		};
		EAB4CD231AECC51800D2C816 /* Debug */ = {
			isa = XCBuildConfiguration;
			buildSettings = {
				CODE_SIGN_ENTITLEMENTS = "AsakusaSatellite WatchKit Extension/AsakusaSatellite WatchKit Extension.entitlements";
				DEBUG_INFORMATION_FORMAT = "dwarf-with-dsym";
				FRAMEWORK_SEARCH_PATHS = "$(inherited)";
				GCC_NO_COMMON_BLOCKS = YES;
				GCC_PREPROCESSOR_DEFINITIONS = (
					"DEBUG=1",
					"$(inherited)",
				);
				INFOPLIST_FILE = "AsakusaSatellite WatchKit Extension/Info.plist";
				LD_RUNPATH_SEARCH_PATHS = "$(inherited) @executable_path/Frameworks @executable_path/../../Frameworks";
				PRODUCT_BUNDLE_IDENTIFIER = org.codefirst.asakusasatellite.watchkitextension;
				PRODUCT_NAME = "${TARGET_NAME}";
				SKIP_INSTALL = YES;
				SWIFT_OBJC_BRIDGING_HEADER = "AsakusaSatellite/Common-Bridging-Header.h";
			};
			name = Debug;
		};
		EAB4CD241AECC51800D2C816 /* Release */ = {
			isa = XCBuildConfiguration;
			buildSettings = {
				CODE_SIGN_ENTITLEMENTS = "AsakusaSatellite WatchKit Extension/AsakusaSatellite WatchKit Extension.entitlements";
				DEBUG_INFORMATION_FORMAT = "dwarf-with-dsym";
				FRAMEWORK_SEARCH_PATHS = "$(inherited)";
				GCC_NO_COMMON_BLOCKS = YES;
				INFOPLIST_FILE = "AsakusaSatellite WatchKit Extension/Info.plist";
				LD_RUNPATH_SEARCH_PATHS = "$(inherited) @executable_path/Frameworks @executable_path/../../Frameworks";
				PRODUCT_BUNDLE_IDENTIFIER = org.codefirst.asakusasatellite.watchkitextension;
				PRODUCT_NAME = "${TARGET_NAME}";
				SKIP_INSTALL = YES;
				SWIFT_OBJC_BRIDGING_HEADER = "AsakusaSatellite/Common-Bridging-Header.h";
			};
			name = Release;
		};
		EAB4CD251AECC51800D2C816 /* Debug */ = {
			isa = XCBuildConfiguration;
			buildSettings = {
				ASSETCATALOG_COMPILER_APPICON_NAME = AppIcon;
				DEBUG_INFORMATION_FORMAT = "dwarf-with-dsym";
				GCC_NO_COMMON_BLOCKS = YES;
				GCC_PREPROCESSOR_DEFINITIONS = (
					"DEBUG=1",
					"$(inherited)",
				);
				IBSC_MODULE = AsakusaSatellite_WatchKit_Extension;
				INFOPLIST_FILE = "AsakusaSatellite WatchKit App/Info.plist";
				PRODUCT_BUNDLE_IDENTIFIER = org.codefirst.asakusasatellite.watchkitapp;
				PRODUCT_NAME = "$(TARGET_NAME)";
				SKIP_INSTALL = YES;
				TARGETED_DEVICE_FAMILY = 4;
				"TARGETED_DEVICE_FAMILY[sdk=iphonesimulator*]" = "1,4";
			};
			name = Debug;
		};
		EAB4CD261AECC51800D2C816 /* Release */ = {
			isa = XCBuildConfiguration;
			buildSettings = {
				ASSETCATALOG_COMPILER_APPICON_NAME = AppIcon;
				DEBUG_INFORMATION_FORMAT = "dwarf-with-dsym";
				GCC_NO_COMMON_BLOCKS = YES;
				IBSC_MODULE = AsakusaSatellite_WatchKit_Extension;
				INFOPLIST_FILE = "AsakusaSatellite WatchKit App/Info.plist";
				PRODUCT_BUNDLE_IDENTIFIER = org.codefirst.asakusasatellite.watchkitapp;
				PRODUCT_NAME = "$(TARGET_NAME)";
				SKIP_INSTALL = YES;
				TARGETED_DEVICE_FAMILY = 4;
				"TARGETED_DEVICE_FAMILY[sdk=iphonesimulator*]" = "1,4";
			};
			name = Release;
		};
/* End XCBuildConfiguration section */

/* Begin XCConfigurationList section */
		EA01F31A1AB7161400CF5691 /* Build configuration list for PBXProject "AsakusaSatellite" */ = {
			isa = XCConfigurationList;
			buildConfigurations = (
				EA01F33C1AB7161400CF5691 /* Debug */,
				EA01F33D1AB7161400CF5691 /* Release */,
			);
			defaultConfigurationIsVisible = 0;
			defaultConfigurationName = Release;
		};
		EA01F33E1AB7161400CF5691 /* Build configuration list for PBXNativeTarget "AsakusaSatellite" */ = {
			isa = XCConfigurationList;
			buildConfigurations = (
				EA01F33F1AB7161400CF5691 /* Debug */,
				EA01F3401AB7161400CF5691 /* Release */,
			);
			defaultConfigurationIsVisible = 0;
			defaultConfigurationName = Release;
		};
		EA01F3411AB7161400CF5691 /* Build configuration list for PBXNativeTarget "AsakusaSatelliteTests" */ = {
			isa = XCConfigurationList;
			buildConfigurations = (
				EA01F3421AB7161400CF5691 /* Debug */,
				EA01F3431AB7161400CF5691 /* Release */,
			);
			defaultConfigurationIsVisible = 0;
			defaultConfigurationName = Release;
		};
		EAB4CD271AECC51800D2C816 /* Build configuration list for PBXNativeTarget "AsakusaSatellite WatchKit App" */ = {
			isa = XCConfigurationList;
			buildConfigurations = (
				EAB4CD251AECC51800D2C816 /* Debug */,
				EAB4CD261AECC51800D2C816 /* Release */,
			);
			defaultConfigurationIsVisible = 0;
			defaultConfigurationName = Release;
		};
		EAB4CD281AECC51800D2C816 /* Build configuration list for PBXNativeTarget "AsakusaSatellite WatchKit Extension" */ = {
			isa = XCConfigurationList;
			buildConfigurations = (
				EAB4CD231AECC51800D2C816 /* Debug */,
				EAB4CD241AECC51800D2C816 /* Release */,
			);
			defaultConfigurationIsVisible = 0;
			defaultConfigurationName = Release;
		};
/* End XCConfigurationList section */
	};
	rootObject = EA01F3171AB7161400CF5691 /* Project object */;
}
